{
  "requires": true,
  "lockfileVersion": 1,
  "dependencies": {
    "node-forge": {
      "version": "0.7.6",
      "resolved": "https://registry.npmjs.org/node-forge/-/node-forge-0.7.6.tgz",
      "integrity": "sha512-sol30LUpz1jQFBjOKwbjxijiE3b6pjd74YwfD0fJOKPjF+fONKb2Yg8rYgS6+bK6VDl+/wfr4IYpC7jDzLUIfw=="
    },
	 "blueimp-md5": {
      "version": "2.10.0",
      "resolved": "https://registry.npmjs.org/blueimp-md5/-/blueimp-md5-2.10.0.tgz",
      "integrity": "sha512-EkNUOi7tpV68TqjpiUz9D9NcT8um2+qtgntmMbi5UKssVX2m/2PLqotcric0RE63pB3HPN/fjf3cKHN2ufGSUQ=="
    }
  }
}



